
Microsoft Visual Studio Solution File, Format Version 12.00
# Visual Studio Version 17
VisualStudioVersion = 17.11.35327.3
MinimumVisualStudioVersion = 10.0.40219.1
Project("{FAE04EC0-301F-11D3-BF4B-00C04F79EFBC}") = "GameOfWar", "Card-Battles\GameOfWar.csproj", "{FEB532EC-0CC4-415A-A5C6-AD3B593B5540}"
EndProject
Global
	GlobalSection(SolutionConfigurationPlatforms) = preSolution
		Debug|Any CPU = Debug|Any CPU
		Release|Any CPU = Release|Any CPU
	EndGlobalSection
	GlobalSection(ProjectConfigurationPlatforms) = postSolution
		{FEB532EC-0CC4-415A-A5C6-AD3B593B5540}.Debug|Any CPU.ActiveCfg = Debug|Any CPU
		{FEB532EC-0CC4-415A-A5C6-AD3B593B5540}.Debug|Any CPU.Build.0 = Debug|Any CPU
		{FEB532EC-0CC4-415A-A5C6-AD3B593B5540}.Release|Any CPU.ActiveCfg = Release|Any CPU
		{FEB532EC-0CC4-415A-A5C6-AD3B593B5540}.Release|Any CPU.Build.0 = Release|Any CPU
	EndGlobalSection
	GlobalSection(SolutionProperties) = preSolution
		HideSolutionNode = FALSE
	EndGlobalSection
	GlobalSection(ExtensibilityGlobals) = postSolution
		SolutionGuid = {E9E21E5C-E30A-4F58-A3AF-AD00B5CC2E75}
	EndGlobalSection
EndGlobal
